// !$*UTF8*$!
{
	archiveVersion = 1;
	classes = {
	};
	objectVersion = 46;
	objects = {

/* Begin PBXBuildFile section */
		0762440F1C8C218600C5B5C2 /* AppDelegate.swift in Sources */ = {isa = PBXBuildFile; fileRef = 0762440E1C8C218600C5B5C2 /* AppDelegate.swift */; };
		076244111C8C218600C5B5C2 /* ViewController.swift in Sources */ = {isa = PBXBuildFile; fileRef = 076244101C8C218600C5B5C2 /* ViewController.swift */; };
		076244141C8C218600C5B5C2 /* Main.storyboard in Resources */ = {isa = PBXBuildFile; fileRef = 076244121C8C218600C5B5C2 /* Main.storyboard */; };
		076244161C8C218600C5B5C2 /* Assets.xcassets in Resources */ = {isa = PBXBuildFile; fileRef = 076244151C8C218600C5B5C2 /* Assets.xcassets */; };
		076244191C8C218600C5B5C2 /* LaunchScreen.storyboard in Resources */ = {isa = PBXBuildFile; fileRef = 076244171C8C218600C5B5C2 /* LaunchScreen.storyboard */; };
		076244241C8C218600C5B5C2 /* MailboxTests.swift in Sources */ = {isa = PBXBuildFile; fileRef = 076244231C8C218600C5B5C2 /* MailboxTests.swift */; };
		0762442F1C8C218600C5B5C2 /* MailboxUITests.swift in Sources */ = {isa = PBXBuildFile; fileRef = 0762442E1C8C218600C5B5C2 /* MailboxUITests.swift */; };
/* End PBXBuildFile section */

/* Begin PBXContainerItemProxy section */
		076244201C8C218600C5B5C2 /* PBXContainerItemProxy */ = {
			isa = PBXContainerItemProxy;
			containerPortal = 076244031C8C218600C5B5C2 /* Project object */;
			proxyType = 1;
			remoteGlobalIDString = 0762440A1C8C218600C5B5C2;
			remoteInfo = Mailbox;
		};
		0762442B1C8C218600C5B5C2 /* PBXContainerItemProxy */ = {
			isa = PBXContainerItemProxy;
			containerPortal = 076244031C8C218600C5B5C2 /* Project object */;
			proxyType = 1;
			remoteGlobalIDString = 0762440A1C8C218600C5B5C2;
			remoteInfo = Mailbox;
		};
/* End PBXContainerItemProxy section */

/* Begin PBXFileReference section */
		0762440B1C8C218600C5B5C2 /* Mailbox.app */ = {isa = PBXFileReference; explicitFileType = wrapper.application; includeInIndex = 0; path = Mailbox.app; sourceTree = BUILT_PRODUCTS_DIR; };
		0762440E1C8C218600C5B5C2 /* AppDelegate.swift */ = {isa = PBXFileReference; lastKnownFileType = sourcecode.swift; path = AppDelegate.swift; sourceTree = "<group>"; };
		076244101C8C218600C5B5C2 /* ViewController.swift */ = {isa = PBXFileReference; lastKnownFileType = sourcecode.swift; path = ViewController.swift; sourceTree = "<group>"; };
		076244131C8C218600C5B5C2 /* Base */ = {isa = PBXFileReference; lastKnownFileType = file.storyboard; name = Base; path = Base.lproj/Main.storyboard; sourceTree = "<group>"; };
		076244151C8C218600C5B5C2 /* Assets.xcassets */ = {isa = PBXFileReference; lastKnownFileType = folder.assetcatalog; path = Assets.xcassets; sourceTree = "<group>"; };
		076244181C8C218600C5B5C2 /* Base */ = {isa = PBXFileReference; lastKnownFileType = file.storyboard; name = Base; path = Base.lproj/LaunchScreen.storyboard; sourceTree = "<group>"; };
		0762441A1C8C218600C5B5C2 /* Info.plist */ = {isa = PBXFileReference; lastKnownFileType = text.plist.xml; path = Info.plist; sourceTree = "<group>"; };
		0762441F1C8C218600C5B5C2 /* MailboxTests.xctest */ = {isa = PBXFileReference; explicitFileType = wrapper.cfbundle; includeInIndex = 0; path = MailboxTests.xctest; sourceTree = BUILT_PRODUCTS_DIR; };
		076244231C8C218600C5B5C2 /* MailboxTests.swift */ = {isa = PBXFileReference; lastKnownFileType = sourcecode.swift; path = MailboxTests.swift; sourceTree = "<group>"; };
		076244251C8C218600C5B5C2 /* Info.plist */ = {isa = PBXFileReference; lastKnownFileType = text.plist.xml; path = Info.plist; sourceTree = "<group>"; };
		0762442A1C8C218600C5B5C2 /* MailboxUITests.xctest */ = {isa = PBXFileReference; explicitFileType = wrapper.cfbundle; includeInIndex = 0; path = MailboxUITests.xctest; sourceTree = BUILT_PRODUCTS_DIR; };
		0762442E1C8C218600C5B5C2 /* MailboxUITests.swift */ = {isa = PBXFileReference; lastKnownFileType = sourcecode.swift; path = MailboxUITests.swift; sourceTree = "<group>"; };
		076244301C8C218600C5B5C2 /* Info.plist */ = {isa = PBXFileReference; lastKnownFileType = text.plist.xml; path = Info.plist; sourceTree = "<group>"; };
/* End PBXFileReference section */

/* Begin PBXFrameworksBuildPhase section */
		076244081C8C218600C5B5C2 /* Frameworks */ = {
			isa = PBXFrameworksBuildPhase;
			buildActionMask = 2147483647;
			files = (
			);
			runOnlyForDeploymentPostprocessing = 0;
		};
		0762441C1C8C218600C5B5C2 /* Frameworks */ = {
			isa = PBXFrameworksBuildPhase;
			buildActionMask = 2147483647;
			files = (
			);
			runOnlyForDeploymentPostprocessing = 0;
		};
		076244271C8C218600C5B5C2 /* Frameworks */ = {
			isa = PBXFrameworksBuildPhase;
			buildActionMask = 2147483647;
			files = (
			);
			runOnlyForDeploymentPostprocessing = 0;
		};
/* End PBXFrameworksBuildPhase section */

/* Begin PBXGroup section */
		076244021C8C218600C5B5C2 = {
			isa = PBXGroup;
			children = (
				0762440D1C8C218600C5B5C2 /* Mailbox */,
				076244221C8C218600C5B5C2 /* MailboxTests */,
				0762442D1C8C218600C5B5C2 /* MailboxUITests */,
				0762440C1C8C218600C5B5C2 /* Products */,
			);
			sourceTree = "<group>";
		};
		0762440C1C8C218600C5B5C2 /* Products */ = {
			isa = PBXGroup;
			children = (
				0762440B1C8C218600C5B5C2 /* Mailbox.app */,
				0762441F1C8C218600C5B5C2 /* MailboxTests.xctest */,
				0762442A1C8C218600C5B5C2 /* MailboxUITests.xctest */,
			);
			name = Products;
			sourceTree = "<group>";
		};
		0762440D1C8C218600C5B5C2 /* Mailbox */ = {
			isa = PBXGroup;
			children = (
				0762440E1C8C218600C5B5C2 /* AppDelegate.swift */,
				076244101C8C218600C5B5C2 /* ViewController.swift */,
				076244121C8C218600C5B5C2 /* Main.storyboard */,
				076244151C8C218600C5B5C2 /* Assets.xcassets */,
				076244171C8C218600C5B5C2 /* LaunchScreen.storyboard */,
				0762441A1C8C218600C5B5C2 /* Info.plist */,
			);
			path = Mailbox;
			sourceTree = "<group>";
		};
		076244221C8C218600C5B5C2 /* MailboxTests */ = {
			isa = PBXGroup;
			children = (
				076244231C8C218600C5B5C2 /* MailboxTests.swift */,
				076244251C8C218600C5B5C2 /* Info.plist */,
			);
			path = MailboxTests;
			sourceTree = "<group>";
		};
		0762442D1C8C218600C5B5C2 /* MailboxUITests */ = {
			isa = PBXGroup;
			children = (
				0762442E1C8C218600C5B5C2 /* MailboxUITests.swift */,
				076244301C8C218600C5B5C2 /* Info.plist */,
			);
			path = MailboxUITests;
			sourceTree = "<group>";
		};
/* End PBXGroup section */

/* Begin PBXNativeTarget section */
		0762440A1C8C218600C5B5C2 /* Mailbox */ = {
			isa = PBXNativeTarget;
			buildConfigurationList = 076244331C8C218600C5B5C2 /* Build configuration list for PBXNativeTarget "Mailbox" */;
			buildPhases = (
				076244071C8C218600C5B5C2 /* Sources */,
				076244081C8C218600C5B5C2 /* Frameworks */,
				076244091C8C218600C5B5C2 /* Resources */,
			);
			buildRules = (
			);
			dependencies = (
			);
			name = Mailbox;
			productName = Mailbox;
			productReference = 0762440B1C8C218600C5B5C2 /* Mailbox.app */;
			productType = "com.apple.product-type.application";
		};
		0762441E1C8C218600C5B5C2 /* MailboxTests */ = {
			isa = PBXNativeTarget;
			buildConfigurationList = 076244361C8C218600C5B5C2 /* Build configuration list for PBXNativeTarget "MailboxTests" */;
			buildPhases = (
				0762441B1C8C218600C5B5C2 /* Sources */,
				0762441C1C8C218600C5B5C2 /* Frameworks */,
				0762441D1C8C218600C5B5C2 /* Resources */,
			);
			buildRules = (
			);
			dependencies = (
				076244211C8C218600C5B5C2 /* PBXTargetDependency */,
			);
			name = MailboxTests;
			productName = MailboxTests;
			productReference = 0762441F1C8C218600C5B5C2 /* MailboxTests.xctest */;
			productType = "com.apple.product-type.bundle.unit-test";
		};
		076244291C8C218600C5B5C2 /* MailboxUITests */ = {
			isa = PBXNativeTarget;
			buildConfigurationList = 076244391C8C218600C5B5C2 /* Build configuration list for PBXNativeTarget "MailboxUITests" */;
			buildPhases = (
				076244261C8C218600C5B5C2 /* Sources */,
				076244271C8C218600C5B5C2 /* Frameworks */,
				076244281C8C218600C5B5C2 /* Resources */,
			);
			buildRules = (
			);
			dependencies = (
				0762442C1C8C218600C5B5C2 /* PBXTargetDependency */,
			);
			name = MailboxUITests;
			productName = MailboxUITests;
			productReference = 0762442A1C8C218600C5B5C2 /* MailboxUITests.xctest */;
			productType = "com.apple.product-type.bundle.ui-testing";
		};
/* End PBXNativeTarget section */

/* Begin PBXProject section */
		076244031C8C218600C5B5C2 /* Project object */ = {
			isa = PBXProject;
			attributes = {
				LastSwiftUpdateCheck = 0720;
				LastUpgradeCheck = 0720;
				ORGANIZATIONNAME = "Vishay Nihalani";
				TargetAttributes = {
					0762440A1C8C218600C5B5C2 = {
						CreatedOnToolsVersion = 7.2;
					};
					0762441E1C8C218600C5B5C2 = {
						CreatedOnToolsVersion = 7.2;
						TestTargetID = 0762440A1C8C218600C5B5C2;
					};
					076244291C8C218600C5B5C2 = {
						CreatedOnToolsVersion = 7.2;
						TestTargetID = 0762440A1C8C218600C5B5C2;
					};
				};
			};
			buildConfigurationList = 076244061C8C218600C5B5C2 /* Build configuration list for PBXProject "Mailbox" */;
			compatibilityVersion = "Xcode 3.2";
			developmentRegion = English;
			hasScannedForEncodings = 0;
			knownRegions = (
				en,
				Base,
			);
			mainGroup = 076244021C8C218600C5B5C2;
			productRefGroup = 0762440C1C8C218600C5B5C2 /* Products */;
			projectDirPath = "";
			projectRoot = "";
			targets = (
				0762440A1C8C218600C5B5C2 /* Mailbox */,
				0762441E1C8C218600C5B5C2 /* MailboxTests */,
				076244291C8C218600C5B5C2 /* MailboxUITests */,
			);
		};
/* End PBXProject section */

/* Begin PBXResourcesBuildPhase section */
		076244091C8C218600C5B5C2 /* Resources */ = {
			isa = PBXResourcesBuildPhase;
			buildActionMask = 2147483647;
			files = (
				076244191C8C218600C5B5C2 /* LaunchScreen.storyboard in Resources */,
				076244161C8C218600C5B5C2 /* Assets.xcassets in Resources */,
				076244141C8C218600C5B5C2 /* Main.storyboard in Resources */,
			);
			runOnlyForDeploymentPostprocessing = 0;
		};
		0762441D1C8C218600C5B5C2 /* Resources */ = {
			isa = PBXResourcesBuildPhase;
			buildActionMask = 2147483647;
			files = (
			);
			runOnlyForDeploymentPostprocessing = 0;
		};
		076244281C8C218600C5B5C2 /* Resources */ = {
			isa = PBXResourcesBuildPhase;
			buildActionMask = 2147483647;
			files = (
			);
			runOnlyForDeploymentPostprocessing = 0;
		};
/* End PBXResourcesBuildPhase section */

/* Begin PBXSourcesBuildPhase section */
		076244071C8C218600C5B5C2 /* Sources */ = {
			isa = PBXSourcesBuildPhase;
			buildActionMask = 2147483647;
			files = (
				076244111C8C218600C5B5C2 /* ViewController.swift in Sources */,
				0762440F1C8C218600C5B5C2 /* AppDelegate.swift in Sources */,
			);
			runOnlyForDeploymentPostprocessing = 0;
		};
		0762441B1C8C218600C5B5C2 /* Sources */ = {
			isa = PBXSourcesBuildPhase;
			buildActionMask = 2147483647;
			files = (
				076244241C8C218600C5B5C2 /* MailboxTests.swift in Sources */,
			);
			runOnlyForDeploymentPostprocessing = 0;
		};
		076244261C8C218600C5B5C2 /* Sources */ = {
			isa = PBXSourcesBuildPhase;
			buildActionMask = 2147483647;
			files = (
				0762442F1C8C218600C5B5C2 /* MailboxUITests.swift in Sources */,
			);
			runOnlyForDeploymentPostprocessing = 0;
		};
/* End PBXSourcesBuildPhase section */

/* Begin PBXTargetDependency section */
		076244211C8C218600C5B5C2 /* PBXTargetDependency */ = {
			isa = PBXTargetDependency;
			target = 0762440A1C8C218600C5B5C2 /* Mailbox */;
			targetProxy = 076244201C8C218600C5B5C2 /* PBXContainerItemProxy */;
		};
		0762442C1C8C218600C5B5C2 /* PBXTargetDependency */ = {
			isa = PBXTargetDependency;
			target = 0762440A1C8C218600C5B5C2 /* Mailbox */;
			targetProxy = 0762442B1C8C218600C5B5C2 /* PBXContainerItemProxy */;
		};
/* End PBXTargetDependency section */

/* Begin PBXVariantGroup section */
		076244121C8C218600C5B5C2 /* Main.storyboard */ = {
			isa = PBXVariantGroup;
			children = (
				076244131C8C218600C5B5C2 /* Base */,
			);
			name = Main.storyboard;
			sourceTree = "<group>";
		};
		076244171C8C218600C5B5C2 /* LaunchScreen.storyboard */ = {
			isa = PBXVariantGroup;
			children = (
				076244181C8C218600C5B5C2 /* Base */,
			);
			name = LaunchScreen.storyboard;
			sourceTree = "<group>";
		};
/* End PBXVariantGroup section */

/* Begin XCBuildConfiguration section */
		076244311C8C218600C5B5C2 /* Debug */ = {
			isa = XCBuildConfiguration;
			buildSettings = {
				ALWAYS_SEARCH_USER_PATHS = NO;
				CLANG_CXX_LANGUAGE_STANDARD = "gnu++0x";
				CLANG_CXX_LIBRARY = "libc++";
				CLANG_ENABLE_MODULES = YES;
				CLANG_ENABLE_OBJC_ARC = YES;
				CLANG_WARN_BOOL_CONVERSION = YES;
				CLANG_WARN_CONSTANT_CONVERSION = YES;
				CLANG_WARN_DIRECT_OBJC_ISA_USAGE = YES_ERROR;
				CLANG_WARN_EMPTY_BODY = YES;
				CLANG_WARN_ENUM_CONVERSION = YES;
				CLANG_WARN_INT_CONVERSION = YES;
				CLANG_WARN_OBJC_ROOT_CLASS = YES_ERROR;
				CLANG_WARN_UNREACHABLE_CODE = YES;
				CLANG_WARN__DUPLICATE_METHOD_MATCH = YES;
				"CODE_SIGN_IDENTITY[sdk=iphoneos*]" = "iPhone Developer";
				COPY_PHASE_STRIP = NO;
				DEBUG_INFORMATION_FORMAT = dwarf;
				ENABLE_STRICT_OBJC_MSGSEND = YES;
				ENABLE_TESTABILITY = YES;
				GCC_C_LANGUAGE_STANDARD = gnu99;
				GCC_DYNAMIC_NO_PIC = NO;
				GCC_NO_COMMON_BLOCKS = YES;
				GCC_OPTIMIZATION_LEVEL = 0;
				GCC_PREPROCESSOR_DEFINITIONS = (
					"DEBUG=1",
					"$(inherited)",
				);
				GCC_WARN_64_TO_32_BIT_CONVERSION = YES;
				GCC_WARN_ABOUT_RETURN_TYPE = YES_ERROR;
				GCC_WARN_UNDECLARED_SELECTOR = YES;
				GCC_WARN_UNINITIALIZED_AUTOS = YES_AGGRESSIVE;
				GCC_WARN_UNUSED_FUNCTION = YES;
				GCC_WARN_UNUSED_VARIABLE = YES;
				IPHONEOS_DEPLOYMENT_TARGET = 9.2;
				MTL_ENABLE_DEBUG_INFO = YES;
				ONLY_ACTIVE_ARCH = YES;
				SDKROOT = iphoneos;
				SWIFT_OPTIMIZATION_LEVEL = "-Onone";
			};
			name = Debug;
		};
		076244321C8C218600C5B5C2 /* Release */ = {
			isa = XCBuildConfiguration;
			buildSettings = {
				ALWAYS_SEARCH_USER_PATHS = NO;
				CLANG_CXX_LANGUAGE_STANDARD = "gnu++0x";
				CLANG_CXX_LIBRARY = "libc++";
				CLANG_ENABLE_MODULES = YES;
				CLANG_ENABLE_OBJC_ARC = YES;
				CLANG_WARN_BOOL_CONVERSION = YES;
				CLANG_WARN_CONSTANT_CONVERSION = YES;
				CLANG_WARN_DIRECT_OBJC_ISA_USAGE = YES_ERROR;
				CLANG_WARN_EMPTY_BODY = YES;
				CLANG_WARN_ENUM_CONVERSION = YES;
				CLANG_WARN_INT_CONVERSION = YES;
				CLANG_WARN_OBJC_ROOT_CLASS = YES_ERROR;
				CLANG_WARN_UNREACHABLE_CODE = YES;
				CLANG_WARN__DUPLICATE_METHOD_MATCH = YES;
				"CODE_SIGN_IDENTITY[sdk=iphoneos*]" = "iPhone Developer";
				COPY_PHASE_STRIP = NO;
				DEBUG_INFORMATION_FORMAT = "dwarf-with-dsym";
				ENABLE_NS_ASSERTIONS = NO;
				ENABLE_STRICT_OBJC_MSGSEND = YES;
				GCC_C_LANGUAGE_STANDARD = gnu99;
				GCC_NO_COMMON_BLOCKS = YES;
				GCC_WARN_64_TO_32_BIT_CONVERSION = YES;
				GCC_WARN_ABOUT_RETURN_TYPE = YES_ERROR;
				GCC_WARN_UNDECLARED_SELECTOR = YES;
				GCC_WARN_UNINITIALIZED_AUTOS = YES_AGGRESSIVE;
				GCC_WARN_UNUSED_FUNCTION = YES;
				GCC_WARN_UNUSED_VARIABLE = YES;
				IPHONEOS_DEPLOYMENT_TARGET = 9.2;
				MTL_ENABLE_DEBUG_INFO = NO;
				SDKROOT = iphoneos;
				VALIDATE_PRODUCT = YES;
			};
			name = Release;
		};
		076244341C8C218600C5B5C2 /* Debug */ = {
			isa = XCBuildConfiguration;
			buildSettings = {
				ASSETCATALOG_COMPILER_APPICON_NAME = AppIcon;
				INFOPLIST_FILE = Mailbox/Info.plist;
				LD_RUNPATH_SEARCH_PATHS = "$(inherited) @executable_path/Frameworks";
				PRODUCT_BUNDLE_IDENTIFIER = com.codepath.Mailbox;
				PRODUCT_NAME = "$(TARGET_NAME)";
			};
			name = Debug;
		};
		076244351C8C218600C5B5C2 /* Release */ = {
			isa = XCBuildConfiguration;
			buildSettings = {
				ASSETCATALOG_COMPILER_APPICON_NAME = AppIcon;
				INFOPLIST_FILE = Mailbox/Info.plist;
				LD_RUNPATH_SEARCH_PATHS = "$(inherited) @executable_path/Frameworks";
				PRODUCT_BUNDLE_IDENTIFIER = com.codepath.Mailbox;
				PRODUCT_NAME = "$(TARGET_NAME)";
			};
			name = Release;
		};
		076244371C8C218600C5B5C2 /* Debug */ = {
			isa = XCBuildConfiguration;
			buildSettings = {
				BUNDLE_LOADER = "$(TEST_HOST)";
				INFOPLIST_FILE = MailboxTests/Info.plist;
				LD_RUNPATH_SEARCH_PATHS = "$(inherited) @executable_path/Frameworks @loader_path/Frameworks";
				PRODUCT_BUNDLE_IDENTIFIER = com.codepath.MailboxTests;
				PRODUCT_NAME = "$(TARGET_NAME)";
				TEST_HOST = "$(BUILT_PRODUCTS_DIR)/Mailbox.app/Mailbox";
			};
			name = Debug;
		};
		076244381C8C218600C5B5C2 /* Release */ = {
			isa = XCBuildConfiguration;
			buildSettings = {
				BUNDLE_LOADER = "$(TEST_HOST)";
				INFOPLIST_FILE = MailboxTests/Info.plist;
				LD_RUNPATH_SEARCH_PATHS = "$(inherited) @executable_path/Frameworks @loader_path/Frameworks";
				PRODUCT_BUNDLE_IDENTIFIER = com.codepath.MailboxTests;
				PRODUCT_NAME = "$(TARGET_NAME)";
				TEST_HOST = "$(BUILT_PRODUCTS_DIR)/Mailbox.app/Mailbox";
			};
			name = Release;
		};
		0762443A1C8C218600C5B5C2 /* Debug */ = {
			isa = XCBuildConfiguration;
			buildSettings = {
				INFOPLIST_FILE = MailboxUITests/Info.plist;
				LD_RUNPATH_SEARCH_PATHS = "$(inherited) @executable_path/Frameworks @loader_path/Frameworks";
				PRODUCT_BUNDLE_IDENTIFIER = com.codepath.MailboxUITests;
				PRODUCT_NAME = "$(TARGET_NAME)";
				TEST_TARGET_NAME = Mailbox;
				USES_XCTRUNNER = YES;
			};
			name = Debug;
		};
		0762443B1C8C218600C5B5C2 /* Release */ = {
			isa = XCBuildConfiguration;
			buildSettings = {
				INFOPLIST_FILE = MailboxUITests/Info.plist;
				LD_RUNPATH_SEARCH_PATHS = "$(inherited) @executable_path/Frameworks @loader_path/Frameworks";
				PRODUCT_BUNDLE_IDENTIFIER = com.codepath.MailboxUITests;
				PRODUCT_NAME = "$(TARGET_NAME)";
				TEST_TARGET_NAME = Mailbox;
				USES_XCTRUNNER = YES;
			};
			name = Release;
		};
/* End XCBuildConfiguration section */

/* Begin XCConfigurationList section */
		076244061C8C218600C5B5C2 /* Build configuration list for PBXProject "Mailbox" */ = {
			isa = XCConfigurationList;
			buildConfigurations = (
				076244311C8C218600C5B5C2 /* Debug */,
				076244321C8C218600C5B5C2 /* Release */,
			);
			defaultConfigurationIsVisible = 0;
			defaultConfigurationName = Release;
		};
		076244331C8C218600C5B5C2 /* Build configuration list for PBXNativeTarget "Mailbox" */ = {
			isa = XCConfigurationList;
			buildConfigurations = (
				076244341C8C218600C5B5C2 /* Debug */,
				076244351C8C218600C5B5C2 /* Release */,
			);
			defaultConfigurationIsVisible = 0;
		};
		076244361C8C218600C5B5C2 /* Build configuration list for PBXNativeTarget "MailboxTests" */ = {
			isa = XCConfigurationList;
			buildConfigurations = (
				076244371C8C218600C5B5C2 /* Debug */,
				076244381C8C218600C5B5C2 /* Release */,
			);
			defaultConfigurationIsVisible = 0;
		};
		076244391C8C218600C5B5C2 /* Build configuration list for PBXNativeTarget "MailboxUITests" */ = {
			isa = XCConfigurationList;
			buildConfigurations = (
				0762443A1C8C218600C5B5C2 /* Debug */,
				0762443B1C8C218600C5B5C2 /* Release */,
			);
			defaultConfigurationIsVisible = 0;
		};
/* End XCConfigurationList section */
	};
	rootObject = 076244031C8C218600C5B5C2 /* Project object */;
}
